// !$*UTF8*$!
{
	archiveVersion = 1;
	classes = {
	};
	objectVersion = 48;
	objects = {

/* Begin PBXBuildFile section */
		1361FF381FBF5EEC007842DD /* AppDelegate.swift in Sources */ = {isa = PBXBuildFile; fileRef = 1361FF371FBF5EEC007842DD /* AppDelegate.swift */; };
		1361FF3A1FBF5EEC007842DD /* ViewController.swift in Sources */ = {isa = PBXBuildFile; fileRef = 1361FF391FBF5EEC007842DD /* ViewController.swift */; };
		1361FF3D1FBF5EEC007842DD /* Main.storyboard in Resources */ = {isa = PBXBuildFile; fileRef = 1361FF3B1FBF5EEC007842DD /* Main.storyboard */; };
		1361FF401FBF5EEC007842DD /* ContactList.xcdatamodeld in Sources */ = {isa = PBXBuildFile; fileRef = 1361FF3E1FBF5EEC007842DD /* ContactList.xcdatamodeld */; };
		1361FF421FBF5EEC007842DD /* Assets.xcassets in Resources */ = {isa = PBXBuildFile; fileRef = 1361FF411FBF5EEC007842DD /* Assets.xcassets */; };
		1361FF451FBF5EEC007842DD /* LaunchScreen.storyboard in Resources */ = {isa = PBXBuildFile; fileRef = 1361FF431FBF5EEC007842DD /* LaunchScreen.storyboard */; };
		1361FF501FBF5EEC007842DD /* ContactListTests.swift in Sources */ = {isa = PBXBuildFile; fileRef = 1361FF4F1FBF5EEC007842DD /* ContactListTests.swift */; };
		1361FF5B1FBF5EEC007842DD /* ContactListUITests.swift in Sources */ = {isa = PBXBuildFile; fileRef = 1361FF5A1FBF5EEC007842DD /* ContactListUITests.swift */; };
/* End PBXBuildFile section */

/* Begin PBXContainerItemProxy section */
		1361FF4C1FBF5EEC007842DD /* PBXContainerItemProxy */ = {
			isa = PBXContainerItemProxy;
			containerPortal = 1361FF2C1FBF5EEC007842DD /* Project object */;
			proxyType = 1;
			remoteGlobalIDString = 1361FF331FBF5EEC007842DD;
			remoteInfo = ContactList;
		};
		1361FF571FBF5EEC007842DD /* PBXContainerItemProxy */ = {
			isa = PBXContainerItemProxy;
			containerPortal = 1361FF2C1FBF5EEC007842DD /* Project object */;
			proxyType = 1;
			remoteGlobalIDString = 1361FF331FBF5EEC007842DD;
			remoteInfo = ContactList;
		};
/* End PBXContainerItemProxy section */

/* Begin PBXFileReference section */
		1361FF341FBF5EEC007842DD /* ContactList.app */ = {isa = PBXFileReference; explicitFileType = wrapper.application; includeInIndex = 0; path = ContactList.app; sourceTree = BUILT_PRODUCTS_DIR; };
		1361FF371FBF5EEC007842DD /* AppDelegate.swift */ = {isa = PBXFileReference; lastKnownFileType = sourcecode.swift; path = AppDelegate.swift; sourceTree = "<group>"; };
		1361FF391FBF5EEC007842DD /* ViewController.swift */ = {isa = PBXFileReference; lastKnownFileType = sourcecode.swift; path = ViewController.swift; sourceTree = "<group>"; };
		1361FF3C1FBF5EEC007842DD /* Base */ = {isa = PBXFileReference; lastKnownFileType = file.storyboard; name = Base; path = Base.lproj/Main.storyboard; sourceTree = "<group>"; };
		1361FF3F1FBF5EEC007842DD /* ContactList.xcdatamodel */ = {isa = PBXFileReference; lastKnownFileType = wrapper.xcdatamodel; path = ContactList.xcdatamodel; sourceTree = "<group>"; };
		1361FF411FBF5EEC007842DD /* Assets.xcassets */ = {isa = PBXFileReference; lastKnownFileType = folder.assetcatalog; path = Assets.xcassets; sourceTree = "<group>"; };
		1361FF441FBF5EEC007842DD /* Base */ = {isa = PBXFileReference; lastKnownFileType = file.storyboard; name = Base; path = Base.lproj/LaunchScreen.storyboard; sourceTree = "<group>"; };
		1361FF461FBF5EEC007842DD /* Info.plist */ = {isa = PBXFileReference; lastKnownFileType = text.plist.xml; path = Info.plist; sourceTree = "<group>"; };
		1361FF4B1FBF5EEC007842DD /* ContactListTests.xctest */ = {isa = PBXFileReference; explicitFileType = wrapper.cfbundle; includeInIndex = 0; path = ContactListTests.xctest; sourceTree = BUILT_PRODUCTS_DIR; };
		1361FF4F1FBF5EEC007842DD /* ContactListTests.swift */ = {isa = PBXFileReference; lastKnownFileType = sourcecode.swift; path = ContactListTests.swift; sourceTree = "<group>"; };
		1361FF511FBF5EEC007842DD /* Info.plist */ = {isa = PBXFileReference; lastKnownFileType = text.plist.xml; path = Info.plist; sourceTree = "<group>"; };
		1361FF561FBF5EEC007842DD /* ContactListUITests.xctest */ = {isa = PBXFileReference; explicitFileType = wrapper.cfbundle; includeInIndex = 0; path = ContactListUITests.xctest; sourceTree = BUILT_PRODUCTS_DIR; };
		1361FF5A1FBF5EEC007842DD /* ContactListUITests.swift */ = {isa = PBXFileReference; lastKnownFileType = sourcecode.swift; path = ContactListUITests.swift; sourceTree = "<group>"; };
		1361FF5C1FBF5EEC007842DD /* Info.plist */ = {isa = PBXFileReference; lastKnownFileType = text.plist.xml; path = Info.plist; sourceTree = "<group>"; };
/* End PBXFileReference section */

/* Begin PBXFrameworksBuildPhase section */
		1361FF311FBF5EEC007842DD /* Frameworks */ = {
			isa = PBXFrameworksBuildPhase;
			buildActionMask = 2147483647;
			files = (
			);
			runOnlyForDeploymentPostprocessing = 0;
		};
		1361FF481FBF5EEC007842DD /* Frameworks */ = {
			isa = PBXFrameworksBuildPhase;
			buildActionMask = 2147483647;
			files = (
			);
			runOnlyForDeploymentPostprocessing = 0;
		};
		1361FF531FBF5EEC007842DD /* Frameworks */ = {
			isa = PBXFrameworksBuildPhase;
			buildActionMask = 2147483647;
			files = (
			);
			runOnlyForDeploymentPostprocessing = 0;
		};
/* End PBXFrameworksBuildPhase section */

/* Begin PBXGroup section */
		1361FF2B1FBF5EEC007842DD = {
			isa = PBXGroup;
			children = (
				1361FF361FBF5EEC007842DD /* ContactList */,
				1361FF4E1FBF5EEC007842DD /* ContactListTests */,
				1361FF591FBF5EEC007842DD /* ContactListUITests */,
				1361FF351FBF5EEC007842DD /* Products */,
			);
			sourceTree = "<group>";
		};
		1361FF351FBF5EEC007842DD /* Products */ = {
			isa = PBXGroup;
			children = (
				1361FF341FBF5EEC007842DD /* ContactList.app */,
				1361FF4B1FBF5EEC007842DD /* ContactListTests.xctest */,
				1361FF561FBF5EEC007842DD /* ContactListUITests.xctest */,
			);
			name = Products;
			sourceTree = "<group>";
		};
		1361FF361FBF5EEC007842DD /* ContactList */ = {
			isa = PBXGroup;
			children = (
				1361FF371FBF5EEC007842DD /* AppDelegate.swift */,
				1361FF391FBF5EEC007842DD /* ViewController.swift */,
				1361FF3B1FBF5EEC007842DD /* Main.storyboard */,
				1361FF411FBF5EEC007842DD /* Assets.xcassets */,
				1361FF431FBF5EEC007842DD /* LaunchScreen.storyboard */,
				1361FF461FBF5EEC007842DD /* Info.plist */,
				1361FF3E1FBF5EEC007842DD /* ContactList.xcdatamodeld */,
			);
			path = ContactList;
			sourceTree = "<group>";
		};
		1361FF4E1FBF5EEC007842DD /* ContactListTests */ = {
			isa = PBXGroup;
			children = (
				1361FF4F1FBF5EEC007842DD /* ContactListTests.swift */,
				1361FF511FBF5EEC007842DD /* Info.plist */,
			);
			path = ContactListTests;
			sourceTree = "<group>";
		};
		1361FF591FBF5EEC007842DD /* ContactListUITests */ = {
			isa = PBXGroup;
			children = (
				1361FF5A1FBF5EEC007842DD /* ContactListUITests.swift */,
				1361FF5C1FBF5EEC007842DD /* Info.plist */,
			);
			path = ContactListUITests;
			sourceTree = "<group>";
		};
/* End PBXGroup section */

/* Begin PBXNativeTarget section */
		1361FF331FBF5EEC007842DD /* ContactList */ = {
			isa = PBXNativeTarget;
			buildConfigurationList = 1361FF5F1FBF5EEC007842DD /* Build configuration list for PBXNativeTarget "ContactList" */;
			buildPhases = (
				1361FF301FBF5EEC007842DD /* Sources */,
				1361FF311FBF5EEC007842DD /* Frameworks */,
				1361FF321FBF5EEC007842DD /* Resources */,
			);
			buildRules = (
			);
			dependencies = (
			);
			name = ContactList;
			productName = ContactList;
			productReference = 1361FF341FBF5EEC007842DD /* ContactList.app */;
			productType = "com.apple.product-type.application";
		};
		1361FF4A1FBF5EEC007842DD /* ContactListTests */ = {
			isa = PBXNativeTarget;
			buildConfigurationList = 1361FF621FBF5EEC007842DD /* Build configuration list for PBXNativeTarget "ContactListTests" */;
			buildPhases = (
				1361FF471FBF5EEC007842DD /* Sources */,
				1361FF481FBF5EEC007842DD /* Frameworks */,
				1361FF491FBF5EEC007842DD /* Resources */,
			);
			buildRules = (
			);
			dependencies = (
				1361FF4D1FBF5EEC007842DD /* PBXTargetDependency */,
			);
			name = ContactListTests;
			productName = ContactListTests;
			productReference = 1361FF4B1FBF5EEC007842DD /* ContactListTests.xctest */;
			productType = "com.apple.product-type.bundle.unit-test";
		};
		1361FF551FBF5EEC007842DD /* ContactListUITests */ = {
			isa = PBXNativeTarget;
			buildConfigurationList = 1361FF651FBF5EEC007842DD /* Build configuration list for PBXNativeTarget "ContactListUITests" */;
			buildPhases = (
				1361FF521FBF5EEC007842DD /* Sources */,
				1361FF531FBF5EEC007842DD /* Frameworks */,
				1361FF541FBF5EEC007842DD /* Resources */,
			);
			buildRules = (
			);
			dependencies = (
				1361FF581FBF5EEC007842DD /* PBXTargetDependency */,
			);
			name = ContactListUITests;
			productName = ContactListUITests;
			productReference = 1361FF561FBF5EEC007842DD /* ContactListUITests.xctest */;
			productType = "com.apple.product-type.bundle.ui-testing";
		};
/* End PBXNativeTarget section */

/* Begin PBXProject section */
		1361FF2C1FBF5EEC007842DD /* Project object */ = {
			isa = PBXProject;
			attributes = {
				LastSwiftUpdateCheck = 0910;
				LastUpgradeCheck = 0910;
				ORGANIZATIONNAME = "Sheetal Desai";
				TargetAttributes = {
					1361FF331FBF5EEC007842DD = {
						CreatedOnToolsVersion = 9.1;
						ProvisioningStyle = Automatic;
					};
					1361FF4A1FBF5EEC007842DD = {
						CreatedOnToolsVersion = 9.1;
						ProvisioningStyle = Automatic;
						TestTargetID = 1361FF331FBF5EEC007842DD;
					};
					1361FF551FBF5EEC007842DD = {
						CreatedOnToolsVersion = 9.1;
						ProvisioningStyle = Automatic;
						TestTargetID = 1361FF331FBF5EEC007842DD;
					};
				};
			};
			buildConfigurationList = 1361FF2F1FBF5EEC007842DD /* Build configuration list for PBXProject "ContactList" */;
			compatibilityVersion = "Xcode 8.0";
			developmentRegion = en;
			hasScannedForEncodings = 0;
			knownRegions = (
				en,
				Base,
			);
			mainGroup = 1361FF2B1FBF5EEC007842DD;
			productRefGroup = 1361FF351FBF5EEC007842DD /* Products */;
			projectDirPath = "";
			projectRoot = "";
			targets = (
				1361FF331FBF5EEC007842DD /* ContactList */,
				1361FF4A1FBF5EEC007842DD /* ContactListTests */,
				1361FF551FBF5EEC007842DD /* ContactListUITests */,
			);
		};
/* End PBXProject section */

/* Begin PBXResourcesBuildPhase section */
		1361FF321FBF5EEC007842DD /* Resources */ = {
			isa = PBXResourcesBuildPhase;
			buildActionMask = 2147483647;
			files = (
				1361FF451FBF5EEC007842DD /* LaunchScreen.storyboard in Resources */,
				1361FF421FBF5EEC007842DD /* Assets.xcassets in Resources */,
				1361FF3D1FBF5EEC007842DD /* Main.storyboard in Resources */,
			);
			runOnlyForDeploymentPostprocessing = 0;
		};
		1361FF491FBF5EEC007842DD /* Resources */ = {
			isa = PBXResourcesBuildPhase;
			buildActionMask = 2147483647;
			files = (
			);
			runOnlyForDeploymentPostprocessing = 0;
		};
		1361FF541FBF5EEC007842DD /* Resources */ = {
			isa = PBXResourcesBuildPhase;
			buildActionMask = 2147483647;
			files = (
			);
			runOnlyForDeploymentPostprocessing = 0;
		};
/* End PBXResourcesBuildPhase section */

/* Begin PBXSourcesBuildPhase section */
		1361FF301FBF5EEC007842DD /* Sources */ = {
			isa = PBXSourcesBuildPhase;
			buildActionMask = 2147483647;
			files = (
				1361FF3A1FBF5EEC007842DD /* ViewController.swift in Sources */,
				1361FF401FBF5EEC007842DD /* ContactList.xcdatamodeld in Sources */,
				1361FF381FBF5EEC007842DD /* AppDelegate.swift in Sources */,
			);
			runOnlyForDeploymentPostprocessing = 0;
		};
		1361FF471FBF5EEC007842DD /* Sources */ = {
			isa = PBXSourcesBuildPhase;
			buildActionMask = 2147483647;
			files = (
				1361FF501FBF5EEC007842DD /* ContactListTests.swift in Sources */,
			);
			runOnlyForDeploymentPostprocessing = 0;
		};
		1361FF521FBF5EEC007842DD /* Sources */ = {
			isa = PBXSourcesBuildPhase;
			buildActionMask = 2147483647;
			files = (
				1361FF5B1FBF5EEC007842DD /* ContactListUITests.swift in Sources */,
			);
			runOnlyForDeploymentPostprocessing = 0;
		};
/* End PBXSourcesBuildPhase section */

/* Begin PBXTargetDependency section */
		1361FF4D1FBF5EEC007842DD /* PBXTargetDependency */ = {
			isa = PBXTargetDependency;
			target = 1361FF331FBF5EEC007842DD /* ContactList */;
			targetProxy = 1361FF4C1FBF5EEC007842DD /* PBXContainerItemProxy */;
		};
		1361FF581FBF5EEC007842DD /* PBXTargetDependency */ = {
			isa = PBXTargetDependency;
			target = 1361FF331FBF5EEC007842DD /* ContactList */;
			targetProxy = 1361FF571FBF5EEC007842DD /* PBXContainerItemProxy */;
		};
/* End PBXTargetDependency section */

/* Begin PBXVariantGroup section */
		1361FF3B1FBF5EEC007842DD /* Main.storyboard */ = {
			isa = PBXVariantGroup;
			children = (
				1361FF3C1FBF5EEC007842DD /* Base */,
			);
			name = Main.storyboard;
			sourceTree = "<group>";
		};
		1361FF431FBF5EEC007842DD /* LaunchScreen.storyboard */ = {
			isa = PBXVariantGroup;
			children = (
				1361FF441FBF5EEC007842DD /* Base */,
			);
			name = LaunchScreen.storyboard;
			sourceTree = "<group>";
		};
/* End PBXVariantGroup section */

/* Begin XCBuildConfiguration section */
		1361FF5D1FBF5EEC007842DD /* Debug */ = {
			isa = XCBuildConfiguration;
			buildSettings = {
				ALWAYS_SEARCH_USER_PATHS = NO;
				CLANG_ANALYZER_NONNULL = YES;
				CLANG_ANALYZER_NUMBER_OBJECT_CONVERSION = YES_AGGRESSIVE;
				CLANG_CXX_LANGUAGE_STANDARD = "gnu++14";
				CLANG_CXX_LIBRARY = "libc++";
				CLANG_ENABLE_MODULES = YES;
				CLANG_ENABLE_OBJC_ARC = YES;
				CLANG_WARN_BLOCK_CAPTURE_AUTORELEASING = YES;
				CLANG_WARN_BOOL_CONVERSION = YES;
				CLANG_WARN_COMMA = YES;
				CLANG_WARN_CONSTANT_CONVERSION = YES;
				CLANG_WARN_DIRECT_OBJC_ISA_USAGE = YES_ERROR;
				CLANG_WARN_DOCUMENTATION_COMMENTS = YES;
				CLANG_WARN_EMPTY_BODY = YES;
				CLANG_WARN_ENUM_CONVERSION = YES;
				CLANG_WARN_INFINITE_RECURSION = YES;
				CLANG_WARN_INT_CONVERSION = YES;
				CLANG_WARN_NON_LITERAL_NULL_CONVERSION = YES;
				CLANG_WARN_OBJC_LITERAL_CONVERSION = YES;
				CLANG_WARN_OBJC_ROOT_CLASS = YES_ERROR;
				CLANG_WARN_RANGE_LOOP_ANALYSIS = YES;
				CLANG_WARN_STRICT_PROTOTYPES = YES;
				CLANG_WARN_SUSPICIOUS_MOVE = YES;
				CLANG_WARN_UNGUARDED_AVAILABILITY = YES_AGGRESSIVE;
				CLANG_WARN_UNREACHABLE_CODE = YES;
				CLANG_WARN__DUPLICATE_METHOD_MATCH = YES;
				CODE_SIGN_IDENTITY = "iPhone Developer";
				COPY_PHASE_STRIP = NO;
				DEBUG_INFORMATION_FORMAT = dwarf;
				ENABLE_STRICT_OBJC_MSGSEND = YES;
				ENABLE_TESTABILITY = YES;
				GCC_C_LANGUAGE_STANDARD = gnu11;
				GCC_DYNAMIC_NO_PIC = NO;
				GCC_NO_COMMON_BLOCKS = YES;
				GCC_OPTIMIZATION_LEVEL = 0;
				GCC_PREPROCESSOR_DEFINITIONS = (
					"DEBUG=1",
					"$(inherited)",
				);
				GCC_WARN_64_TO_32_BIT_CONVERSION = YES;
				GCC_WARN_ABOUT_RETURN_TYPE = YES_ERROR;
				GCC_WARN_UNDECLARED_SELECTOR = YES;
				GCC_WARN_UNINITIALIZED_AUTOS = YES_AGGRESSIVE;
				GCC_WARN_UNUSED_FUNCTION = YES;
				GCC_WARN_UNUSED_VARIABLE = YES;
				IPHONEOS_DEPLOYMENT_TARGET = 11.1;
				MTL_ENABLE_DEBUG_INFO = YES;
				ONLY_ACTIVE_ARCH = YES;
				SDKROOT = iphoneos;
				SWIFT_ACTIVE_COMPILATION_CONDITIONS = DEBUG;
				SWIFT_OPTIMIZATION_LEVEL = "-Onone";
			};
			name = Debug;
		};
		1361FF5E1FBF5EEC007842DD /* Release */ = {
			isa = XCBuildConfiguration;
			buildSettings = {
				ALWAYS_SEARCH_USER_PATHS = NO;
				CLANG_ANALYZER_NONNULL = YES;
				CLANG_ANALYZER_NUMBER_OBJECT_CONVERSION = YES_AGGRESSIVE;
				CLANG_CXX_LANGUAGE_STANDARD = "gnu++14";
				CLANG_CXX_LIBRARY = "libc++";
				CLANG_ENABLE_MODULES = YES;
				CLANG_ENABLE_OBJC_ARC = YES;
				CLANG_WARN_BLOCK_CAPTURE_AUTORELEASING = YES;
				CLANG_WARN_BOOL_CONVERSION = YES;
				CLANG_WARN_COMMA = YES;
				CLANG_WARN_CONSTANT_CONVERSION = YES;
				CLANG_WARN_DIRECT_OBJC_ISA_USAGE = YES_ERROR;
				CLANG_WARN_DOCUMENTATION_COMMENTS = YES;
				CLANG_WARN_EMPTY_BODY = YES;
				CLANG_WARN_ENUM_CONVERSION = YES;
				CLANG_WARN_INFINITE_RECURSION = YES;
				CLANG_WARN_INT_CONVERSION = YES;
				CLANG_WARN_NON_LITERAL_NULL_CONVERSION = YES;
				CLANG_WARN_OBJC_LITERAL_CONVERSION = YES;
				CLANG_WARN_OBJC_ROOT_CLASS = YES_ERROR;
				CLANG_WARN_RANGE_LOOP_ANALYSIS = YES;
				CLANG_WARN_STRICT_PROTOTYPES = YES;
				CLANG_WARN_SUSPICIOUS_MOVE = YES;
				CLANG_WARN_UNGUARDED_AVAILABILITY = YES_AGGRESSIVE;
				CLANG_WARN_UNREACHABLE_CODE = YES;
				CLANG_WARN__DUPLICATE_METHOD_MATCH = YES;
				CODE_SIGN_IDENTITY = "iPhone Developer";
				COPY_PHASE_STRIP = NO;
				DEBUG_INFORMATION_FORMAT = "dwarf-with-dsym";
				ENABLE_NS_ASSERTIONS = NO;
				ENABLE_STRICT_OBJC_MSGSEND = YES;
				GCC_C_LANGUAGE_STANDARD = gnu11;
				GCC_NO_COMMON_BLOCKS = YES;
				GCC_WARN_64_TO_32_BIT_CONVERSION = YES;
				GCC_WARN_ABOUT_RETURN_TYPE = YES_ERROR;
				GCC_WARN_UNDECLARED_SELECTOR = YES;
				GCC_WARN_UNINITIALIZED_AUTOS = YES_AGGRESSIVE;
				GCC_WARN_UNUSED_FUNCTION = YES;
				GCC_WARN_UNUSED_VARIABLE = YES;
				IPHONEOS_DEPLOYMENT_TARGET = 11.1;
				MTL_ENABLE_DEBUG_INFO = NO;
				SDKROOT = iphoneos;
				SWIFT_OPTIMIZATION_LEVEL = "-Owholemodule";
				VALIDATE_PRODUCT = YES;
			};
			name = Release;
		};
		1361FF601FBF5EEC007842DD /* Debug */ = {
			isa = XCBuildConfiguration;
			buildSettings = {
				ASSETCATALOG_COMPILER_APPICON_NAME = AppIcon;
				CODE_SIGN_STYLE = Automatic;
				DEVELOPMENT_TEAM = RE35XLAPV6;
				INFOPLIST_FILE = ContactList/Info.plist;
				LD_RUNPATH_SEARCH_PATHS = "$(inherited) @executable_path/Frameworks";
				PRODUCT_BUNDLE_IDENTIFIER = dojo.ContactList;
				PRODUCT_NAME = "$(TARGET_NAME)";
				SWIFT_VERSION = 4.0;
				TARGETED_DEVICE_FAMILY = "1,2";
			};
			name = Debug;
		};
		1361FF611FBF5EEC007842DD /* Release */ = {
			isa = XCBuildConfiguration;
			buildSettings = {
				ASSETCATALOG_COMPILER_APPICON_NAME = AppIcon;
				CODE_SIGN_STYLE = Automatic;
				DEVELOPMENT_TEAM = RE35XLAPV6;
				INFOPLIST_FILE = ContactList/Info.plist;
				LD_RUNPATH_SEARCH_PATHS = "$(inherited) @executable_path/Frameworks";
				PRODUCT_BUNDLE_IDENTIFIER = dojo.ContactList;
				PRODUCT_NAME = "$(TARGET_NAME)";
				SWIFT_VERSION = 4.0;
				TARGETED_DEVICE_FAMILY = "1,2";
			};
			name = Release;
		};
		1361FF631FBF5EEC007842DD /* Debug */ = {
			isa = XCBuildConfiguration;
			buildSettings = {
				ALWAYS_EMBED_SWIFT_STANDARD_LIBRARIES = YES;
				BUNDLE_LOADER = "$(TEST_HOST)";
				CODE_SIGN_STYLE = Automatic;
				DEVELOPMENT_TEAM = RE35XLAPV6;
				INFOPLIST_FILE = ContactListTests/Info.plist;
				LD_RUNPATH_SEARCH_PATHS = "$(inherited) @executable_path/Frameworks @loader_path/Frameworks";
				PRODUCT_BUNDLE_IDENTIFIER = dojo.ContactListTests;
				PRODUCT_NAME = "$(TARGET_NAME)";
				SWIFT_VERSION = 4.0;
				TARGETED_DEVICE_FAMILY = "1,2";
				TEST_HOST = "$(BUILT_PRODUCTS_DIR)/ContactList.app/ContactList";
			};
			name = Debug;
		};
		1361FF641FBF5EEC007842DD /* Release */ = {
			isa = XCBuildConfiguration;
			buildSettings = {
				ALWAYS_EMBED_SWIFT_STANDARD_LIBRARIES = YES;
				BUNDLE_LOADER = "$(TEST_HOST)";
				CODE_SIGN_STYLE = Automatic;
				DEVELOPMENT_TEAM = RE35XLAPV6;
				INFOPLIST_FILE = ContactListTests/Info.plist;
				LD_RUNPATH_SEARCH_PATHS = "$(inherited) @executable_path/Frameworks @loader_path/Frameworks";
				PRODUCT_BUNDLE_IDENTIFIER = dojo.ContactListTests;
				PRODUCT_NAME = "$(TARGET_NAME)";
				SWIFT_VERSION = 4.0;
				TARGETED_DEVICE_FAMILY = "1,2";
				TEST_HOST = "$(BUILT_PRODUCTS_DIR)/ContactList.app/ContactList";
			};
			name = Release;
		};
		1361FF661FBF5EEC007842DD /* Debug */ = {
			isa = XCBuildConfiguration;
			buildSettings = {
				ALWAYS_EMBED_SWIFT_STANDARD_LIBRARIES = YES;
				CODE_SIGN_STYLE = Automatic;
				DEVELOPMENT_TEAM = RE35XLAPV6;
				INFOPLIST_FILE = ContactListUITests/Info.plist;
				LD_RUNPATH_SEARCH_PATHS = "$(inherited) @executable_path/Frameworks @loader_path/Frameworks";
				PRODUCT_BUNDLE_IDENTIFIER = dojo.ContactListUITests;
				PRODUCT_NAME = "$(TARGET_NAME)";
				SWIFT_VERSION = 4.0;
				TARGETED_DEVICE_FAMILY = "1,2";
				TEST_TARGET_NAME = ContactList;
			};
			name = Debug;
		};
		1361FF671FBF5EEC007842DD /* Release */ = {
			isa = XCBuildConfiguration;
			buildSettings = {
				ALWAYS_EMBED_SWIFT_STANDARD_LIBRARIES = YES;
				CODE_SIGN_STYLE = Automatic;
				DEVELOPMENT_TEAM = RE35XLAPV6;
				INFOPLIST_FILE = ContactListUITests/Info.plist;
				LD_RUNPATH_SEARCH_PATHS = "$(inherited) @executable_path/Frameworks @loader_path/Frameworks";
				PRODUCT_BUNDLE_IDENTIFIER = dojo.ContactListUITests;
				PRODUCT_NAME = "$(TARGET_NAME)";
				SWIFT_VERSION = 4.0;
				TARGETED_DEVICE_FAMILY = "1,2";
				TEST_TARGET_NAME = ContactList;
			};
			name = Release;
		};
/* End XCBuildConfiguration section */

/* Begin XCConfigurationList section */
		1361FF2F1FBF5EEC007842DD /* Build configuration list for PBXProject "ContactList" */ = {
			isa = XCConfigurationList;
			buildConfigurations = (
				1361FF5D1FBF5EEC007842DD /* Debug */,
				1361FF5E1FBF5EEC007842DD /* Release */,
			);
			defaultConfigurationIsVisible = 0;
			defaultConfigurationName = Release;
		};
		1361FF5F1FBF5EEC007842DD /* Build configuration list for PBXNativeTarget "ContactList" */ = {
			isa = XCConfigurationList;
			buildConfigurations = (
				1361FF601FBF5EEC007842DD /* Debug */,
				1361FF611FBF5EEC007842DD /* Release */,
			);
			defaultConfigurationIsVisible = 0;
			defaultConfigurationName = Release;
		};
		1361FF621FBF5EEC007842DD /* Build configuration list for PBXNativeTarget "ContactListTests" */ = {
			isa = XCConfigurationList;
			buildConfigurations = (
				1361FF631FBF5EEC007842DD /* Debug */,
				1361FF641FBF5EEC007842DD /* Release */,
			);
			defaultConfigurationIsVisible = 0;
			defaultConfigurationName = Release;
		};
		1361FF651FBF5EEC007842DD /* Build configuration list for PBXNativeTarget "ContactListUITests" */ = {
			isa = XCConfigurationList;
			buildConfigurations = (
				1361FF661FBF5EEC007842DD /* Debug */,
				1361FF671FBF5EEC007842DD /* Release */,
			);
			defaultConfigurationIsVisible = 0;
			defaultConfigurationName = Release;
		};
/* End XCConfigurationList section */

/* Begin XCVersionGroup section */
		1361FF3E1FBF5EEC007842DD /* ContactList.xcdatamodeld */ = {
			isa = XCVersionGroup;
			children = (
				1361FF3F1FBF5EEC007842DD /* ContactList.xcdatamodel */,
			);
			currentVersion = 1361FF3F1FBF5EEC007842DD /* ContactList.xcdatamodel */;
			path = ContactList.xcdatamodeld;
			sourceTree = "<group>";
			versionGroupType = wrapper.xcdatamodel;
		};
/* End XCVersionGroup section */
	};
	rootObject = 1361FF2C1FBF5EEC007842DD /* Project object */;
}
